
Microsoft Visual Studio Solution File, Format Version 12.00
Project("{2150E333-8FDC-42A3-9474-1A3956D46DE8}") = "Revit", "Revit", "{8F540B7F-7548-46E9-BDEC-4DAB99367908}"
	ProjectSection(SolutionItems) = preProject
		Revit\Directory.Build.props = Revit\Directory.Build.props
	EndProjectSection
EndProject
Project("{2150E333-8FDC-42A3-9474-1A3956D46DE8}") = "Config", "Config", "{7A91F6BF-EA8A-428E-BB97-B6C448C247EF}"
	ProjectSection(SolutionItems) = preProject
		.editorconfig = .editorconfig
		Directory.Build.props = Directory.Build.props
		global.json = global.json
		README.md = README.md
		Directory.Packages.props = Directory.Packages.props
	EndProjectSection
EndProject
Project("{FAE04EC0-301F-11D3-BF4B-00C04F79EFBC}") = "Speckle.Revit2023.Api", "Revit\Revit2023\Speckle.Revit2023.Api\Speckle.Revit2023.Api.csproj", "{BE42055B-1D53-49AC-8B76-B55871E24E8B}"
EndProject
Project("{D954291E-2A0B-460D-934E-DC6B0785DB48}") = "Speckle.Revit.Interfaces", "Revit\Speckle.Revit.Interfaces\Speckle.Revit.Interfaces.shproj", "{E1C43415-3200-45F4-8BF9-A4DD7D7F2ED6}"
EndProject
Project("{D954291E-2A0B-460D-934E-DC6B0785DB48}") = "Speckle.Revit.Api", "Revit\Speckle.Revit.Api\Speckle.Revit.Api.shproj", "{E1C43415-3200-45F4-8BF9-A4DD7D7F2ED7}"
EndProject
Project("{FAE04EC0-301F-11D3-BF4B-00C04F79EFBC}") = "Speckle.Revit2023.Interfaces", "Revit\Revit2023\Speckle.Revit2023.Interfaces\Speckle.Revit2023.Interfaces.csproj", "{F6943FEF-C6AD-4374-9729-CCB79F9BD6C6}"
EndProject
Project("{2150E333-8FDC-42A3-9474-1A3956D46DE8}") = "2023", "2023", "{CB5177F3-6FA5-4351-8BF1-3F6F2758096D}"
	ProjectSection(SolutionItems) = preProject
		Revit\Revit2023\Directory.Packages.props = Revit\Revit2023\Directory.Packages.props
	EndProjectSection
EndProject
Project("{2150E333-8FDC-42A3-9474-1A3956D46DE8}") = "2024", "2024", "{8B47C7AE-9C8C-47D5-A3C5-ACEFCF54E3B9}"
	ProjectSection(SolutionItems) = preProject
		Revit\Revit2024\Directory.Packages.props = Revit\Revit2024\Directory.Packages.props
	EndProjectSection
EndProject
Project("{FAE04EC0-301F-11D3-BF4B-00C04F79EFBC}") = "Speckle.Revit2024.Interfaces", "Revit\Revit2024\Speckle.Revit2024.Interfaces\Speckle.Revit2024.Interfaces.csproj", "{E5BCFB04-C8E2-4F34-8E12-E4E6CB908153}"
EndProject
Project("{FAE04EC0-301F-11D3-BF4B-00C04F79EFBC}") = "Speckle.Revit2024.Api", "Revit\Revit2024\Speckle.Revit2024.Api\Speckle.Revit2024.Api.csproj", "{917D7C89-FA2D-4A26-906B-E18317C49734}"
EndProject
Project("{FAE04EC0-301F-11D3-BF4B-00C04F79EFBC}") = "Build", "Build\Build.csproj", "{00F3BEC6-614D-4AEE-923A-0E2DF40FDE6B}"
EndProject
Project("{2150E333-8FDC-42A3-9474-1A3956D46DE8}") = "Build", "Build", "{42C36267-88A8-4F94-9E62-5D43A02D033C}"
	ProjectSection(SolutionItems) = preProject
		.github\workflows\ci.yml = .github\workflows\ci.yml
		.github\workflows\main.yml = .github\workflows\main.yml
	EndProjectSection
EndProject
Global
	GlobalSection(SolutionConfigurationPlatforms) = preSolution
		Debug|Any CPU = Debug|Any CPU
		Release|Any CPU = Release|Any CPU
	EndGlobalSection
	GlobalSection(ProjectConfigurationPlatforms) = postSolution
		{BE42055B-1D53-49AC-8B76-B55871E24E8B}.Debug|Any CPU.ActiveCfg = Debug|Any CPU
		{BE42055B-1D53-49AC-8B76-B55871E24E8B}.Debug|Any CPU.Build.0 = Debug|Any CPU
		{BE42055B-1D53-49AC-8B76-B55871E24E8B}.Release|Any CPU.ActiveCfg = Release|Any CPU
		{BE42055B-1D53-49AC-8B76-B55871E24E8B}.Release|Any CPU.Build.0 = Release|Any CPU
		{F6943FEF-C6AD-4374-9729-CCB79F9BD6C6}.Debug|Any CPU.ActiveCfg = Debug|Any CPU
		{F6943FEF-C6AD-4374-9729-CCB79F9BD6C6}.Debug|Any CPU.Build.0 = Debug|Any CPU
		{F6943FEF-C6AD-4374-9729-CCB79F9BD6C6}.Release|Any CPU.ActiveCfg = Release|Any CPU
		{F6943FEF-C6AD-4374-9729-CCB79F9BD6C6}.Release|Any CPU.Build.0 = Release|Any CPU
		{E5BCFB04-C8E2-4F34-8E12-E4E6CB908153}.Debug|Any CPU.ActiveCfg = Debug|Any CPU
		{E5BCFB04-C8E2-4F34-8E12-E4E6CB908153}.Debug|Any CPU.Build.0 = Debug|Any CPU
		{E5BCFB04-C8E2-4F34-8E12-E4E6CB908153}.Release|Any CPU.ActiveCfg = Release|Any CPU
		{E5BCFB04-C8E2-4F34-8E12-E4E6CB908153}.Release|Any CPU.Build.0 = Release|Any CPU
		{917D7C89-FA2D-4A26-906B-E18317C49734}.Debug|Any CPU.ActiveCfg = Debug|Any CPU
		{917D7C89-FA2D-4A26-906B-E18317C49734}.Debug|Any CPU.Build.0 = Debug|Any CPU
		{917D7C89-FA2D-4A26-906B-E18317C49734}.Release|Any CPU.ActiveCfg = Release|Any CPU
		{917D7C89-FA2D-4A26-906B-E18317C49734}.Release|Any CPU.Build.0 = Release|Any CPU
		{00F3BEC6-614D-4AEE-923A-0E2DF40FDE6B}.Debug|Any CPU.ActiveCfg = Debug|Any CPU
		{00F3BEC6-614D-4AEE-923A-0E2DF40FDE6B}.Debug|Any CPU.Build.0 = Debug|Any CPU
		{00F3BEC6-614D-4AEE-923A-0E2DF40FDE6B}.Release|Any CPU.ActiveCfg = Release|Any CPU
		{00F3BEC6-614D-4AEE-923A-0E2DF40FDE6B}.Release|Any CPU.Build.0 = Release|Any CPU
	EndGlobalSection
	GlobalSection(NestedProjects) = preSolution
		{CB5177F3-6FA5-4351-8BF1-3F6F2758096D} = {8F540B7F-7548-46E9-BDEC-4DAB99367908}
		{BE42055B-1D53-49AC-8B76-B55871E24E8B} = {CB5177F3-6FA5-4351-8BF1-3F6F2758096D}
		{F6943FEF-C6AD-4374-9729-CCB79F9BD6C6} = {CB5177F3-6FA5-4351-8BF1-3F6F2758096D}
		{E1C43415-3200-45F4-8BF9-A4DD7D7F2ED7} = {8F540B7F-7548-46E9-BDEC-4DAB99367908}
		{E1C43415-3200-45F4-8BF9-A4DD7D7F2ED6} = {8F540B7F-7548-46E9-BDEC-4DAB99367908}
		{8B47C7AE-9C8C-47D5-A3C5-ACEFCF54E3B9} = {8F540B7F-7548-46E9-BDEC-4DAB99367908}
		{E5BCFB04-C8E2-4F34-8E12-E4E6CB908153} = {8B47C7AE-9C8C-47D5-A3C5-ACEFCF54E3B9}
		{917D7C89-FA2D-4A26-906B-E18317C49734} = {8B47C7AE-9C8C-47D5-A3C5-ACEFCF54E3B9}
		{00F3BEC6-614D-4AEE-923A-0E2DF40FDE6B} = {42C36267-88A8-4F94-9E62-5D43A02D033C}
	EndGlobalSection
EndGlobal
