
Microsoft Visual Studio Solution File, Format Version 12.00
Project("{2150E333-8FDC-42A3-9474-1A3956D46DE8}") = "Config", "Config", "{7A91F6BF-EA8A-428E-BB97-B6C448C247EF}"
	ProjectSection(SolutionItems) = preProject
		.editorconfig = .editorconfig
		Directory.Build.props = Directory.Build.props
		global.json = global.json
		README.md = README.md
		Directory.Packages.props = Directory.Packages.props
	EndProjectSection
EndProject
Project("{FAE04EC0-301F-11D3-BF4B-00C04F79EFBC}") = "Build", "Build\Build.csproj", "{00F3BEC6-614D-4AEE-923A-0E2DF40FDE6B}"
EndProject
Project("{2150E333-8FDC-42A3-9474-1A3956D46DE8}") = "Build", "Build", "{42C36267-88A8-4F94-9E62-5D43A02D033C}"
	ProjectSection(SolutionItems) = preProject
		.github\workflows\ci.yml = .github\workflows\ci.yml
		.github\workflows\main.yml = .github\workflows\main.yml
	EndProjectSection
EndProject
Project("{2150E333-8FDC-42A3-9474-1A3956D46DE8}") = "Shared", "Shared", "{3B0D8F6E-C701-446E-BAE3-B6FDF1812901}"
EndProject
Project("{D954291E-2A0B-460D-934E-DC6B0785DB48}") = "Speckle.Shared", "Speckle.Shared\Speckle.Shared.shproj", "{E1C43415-3000-45F4-8BF9-B4DD7D7F2ED6}"
EndProject
Project("{FAE04EC0-301F-11D3-BF4B-00C04F79EFBC}") = "Speckle.Revit2023.Fakes.Generator", "Speckle.Revit2023.Fakes.Generator\Speckle.Revit2023.Fakes.Generator.csproj", "{D25C688F-1673-4AEB-8186-6105C8CB679A}"
EndProject
Project("{2150E333-8FDC-42A3-9474-1A3956D46DE8}") = "Revit", "Revit", "{BD68BFA8-3EC7-4689-987E-6422A37CF3B0}"
EndProject
Project("{FAE04EC0-301F-11D3-BF4B-00C04F79EFBC}") = "Speckle.Revit2023.Fakes", "Speckle.Revit2023.Fakes\Speckle.Revit2023.Fakes.csproj", "{4B16340A-C493-41AB-85E8-E32C92533118}"
EndProject
Project("{FAE04EC0-301F-11D3-BF4B-00C04F79EFBC}") = "Speckle.Rhino7.Fakes.Generator", "Speckle.Rhino7.Fakes.Generator\Speckle.Rhino7.Fakes.Generator.csproj", "{414C51A1-6237-43BB-A59A-E9879880EF73}"
EndProject
Project("{2150E333-8FDC-42A3-9474-1A3956D46DE8}") = "Rhino", "Rhino", "{F2F213A8-6D57-492F-BA11-C9F26057B1DA}"
EndProject
Project("{FAE04EC0-301F-11D3-BF4B-00C04F79EFBC}") = "Speckle.Rhino7.Fakes", "Speckle.Rhino7.Fakes\Speckle.Rhino7.Fakes.csproj", "{1F2F89EE-2032-4350-BFC9-6B74D477DE95}"
EndProject
Project("{FAE04EC0-301F-11D3-BF4B-00C04F79EFBC}") = "Speckle.Revit2024.Fakes", "Speckle.Revit2024.Fakes\Speckle.Revit2024.Fakes.csproj", "{A73658B1-0C37-4EAD-AAF8-8FECD2EEFC9A}"
EndProject
Project("{FAE04EC0-301F-11D3-BF4B-00C04F79EFBC}") = "Speckle.Revit2024.Fakes.Generator", "Speckle.Revit2024.Fakes.Generator\Speckle.Revit2024.Fakes.Generator.csproj", "{F97FB46C-223C-4818-8A5A-330E897F4FC0}"
EndProject
Project("{FAE04EC0-301F-11D3-BF4B-00C04F79EFBC}") = "Speckle.Revit2022.Fakes", "Speckle.Revit2022.Fakes\Speckle.Revit2022.Fakes.csproj", "{662B3B4B-5B46-4507-9A39-3320E82AD459}"
EndProject
Project("{FAE04EC0-301F-11D3-BF4B-00C04F79EFBC}") = "Speckle.Revit2022.Fakes.Generator", "Speckle.Revit2022.Fakes.Generator\Speckle.Revit2022.Fakes.Generator.csproj", "{D2BD6A79-F43C-4D2C-A6AF-BEA5E91A380F}"
EndProject
Global
	GlobalSection(SolutionConfigurationPlatforms) = preSolution
		Debug|Any CPU = Debug|Any CPU
		Release|Any CPU = Release|Any CPU
	EndGlobalSection
	GlobalSection(ProjectConfigurationPlatforms) = postSolution
		{00F3BEC6-614D-4AEE-923A-0E2DF40FDE6B}.Debug|Any CPU.ActiveCfg = Debug|Any CPU
		{00F3BEC6-614D-4AEE-923A-0E2DF40FDE6B}.Debug|Any CPU.Build.0 = Debug|Any CPU
		{00F3BEC6-614D-4AEE-923A-0E2DF40FDE6B}.Release|Any CPU.ActiveCfg = Release|Any CPU
		{00F3BEC6-614D-4AEE-923A-0E2DF40FDE6B}.Release|Any CPU.Build.0 = Release|Any CPU
		{D25C688F-1673-4AEB-8186-6105C8CB679A}.Debug|Any CPU.ActiveCfg = Debug|Any CPU
		{D25C688F-1673-4AEB-8186-6105C8CB679A}.Debug|Any CPU.Build.0 = Debug|Any CPU
		{D25C688F-1673-4AEB-8186-6105C8CB679A}.Release|Any CPU.ActiveCfg = Release|Any CPU
		{D25C688F-1673-4AEB-8186-6105C8CB679A}.Release|Any CPU.Build.0 = Release|Any CPU
		{4B16340A-C493-41AB-85E8-E32C92533118}.Debug|Any CPU.ActiveCfg = Debug|Any CPU
		{4B16340A-C493-41AB-85E8-E32C92533118}.Debug|Any CPU.Build.0 = Debug|Any CPU
		{4B16340A-C493-41AB-85E8-E32C92533118}.Release|Any CPU.ActiveCfg = Release|Any CPU
		{4B16340A-C493-41AB-85E8-E32C92533118}.Release|Any CPU.Build.0 = Release|Any CPU
		{414C51A1-6237-43BB-A59A-E9879880EF73}.Debug|Any CPU.ActiveCfg = Debug|Any CPU
		{414C51A1-6237-43BB-A59A-E9879880EF73}.Debug|Any CPU.Build.0 = Debug|Any CPU
		{414C51A1-6237-43BB-A59A-E9879880EF73}.Release|Any CPU.ActiveCfg = Release|Any CPU
		{414C51A1-6237-43BB-A59A-E9879880EF73}.Release|Any CPU.Build.0 = Release|Any CPU
		{1F2F89EE-2032-4350-BFC9-6B74D477DE95}.Debug|Any CPU.ActiveCfg = Debug|Any CPU
		{1F2F89EE-2032-4350-BFC9-6B74D477DE95}.Debug|Any CPU.Build.0 = Debug|Any CPU
		{1F2F89EE-2032-4350-BFC9-6B74D477DE95}.Release|Any CPU.ActiveCfg = Release|Any CPU
		{1F2F89EE-2032-4350-BFC9-6B74D477DE95}.Release|Any CPU.Build.0 = Release|Any CPU
		{A73658B1-0C37-4EAD-AAF8-8FECD2EEFC9A}.Debug|Any CPU.ActiveCfg = Debug|Any CPU
		{A73658B1-0C37-4EAD-AAF8-8FECD2EEFC9A}.Debug|Any CPU.Build.0 = Debug|Any CPU
		{A73658B1-0C37-4EAD-AAF8-8FECD2EEFC9A}.Release|Any CPU.ActiveCfg = Release|Any CPU
		{A73658B1-0C37-4EAD-AAF8-8FECD2EEFC9A}.Release|Any CPU.Build.0 = Release|Any CPU
		{F97FB46C-223C-4818-8A5A-330E897F4FC0}.Debug|Any CPU.ActiveCfg = Debug|Any CPU
		{F97FB46C-223C-4818-8A5A-330E897F4FC0}.Debug|Any CPU.Build.0 = Debug|Any CPU
		{F97FB46C-223C-4818-8A5A-330E897F4FC0}.Release|Any CPU.ActiveCfg = Release|Any CPU
		{F97FB46C-223C-4818-8A5A-330E897F4FC0}.Release|Any CPU.Build.0 = Release|Any CPU
		{662B3B4B-5B46-4507-9A39-3320E82AD459}.Debug|Any CPU.ActiveCfg = Debug|Any CPU
		{662B3B4B-5B46-4507-9A39-3320E82AD459}.Debug|Any CPU.Build.0 = Debug|Any CPU
		{662B3B4B-5B46-4507-9A39-3320E82AD459}.Release|Any CPU.ActiveCfg = Release|Any CPU
		{662B3B4B-5B46-4507-9A39-3320E82AD459}.Release|Any CPU.Build.0 = Release|Any CPU
		{D2BD6A79-F43C-4D2C-A6AF-BEA5E91A380F}.Debug|Any CPU.ActiveCfg = Debug|Any CPU
		{D2BD6A79-F43C-4D2C-A6AF-BEA5E91A380F}.Debug|Any CPU.Build.0 = Debug|Any CPU
		{D2BD6A79-F43C-4D2C-A6AF-BEA5E91A380F}.Release|Any CPU.ActiveCfg = Release|Any CPU
		{D2BD6A79-F43C-4D2C-A6AF-BEA5E91A380F}.Release|Any CPU.Build.0 = Release|Any CPU
	EndGlobalSection
	GlobalSection(NestedProjects) = preSolution
		{00F3BEC6-614D-4AEE-923A-0E2DF40FDE6B} = {42C36267-88A8-4F94-9E62-5D43A02D033C}
		{E1C43415-3000-45F4-8BF9-B4DD7D7F2ED6} = {3B0D8F6E-C701-446E-BAE3-B6FDF1812901}
		{D25C688F-1673-4AEB-8186-6105C8CB679A} = {3B0D8F6E-C701-446E-BAE3-B6FDF1812901}
		{4B16340A-C493-41AB-85E8-E32C92533118} = {BD68BFA8-3EC7-4689-987E-6422A37CF3B0}
		{414C51A1-6237-43BB-A59A-E9879880EF73} = {3B0D8F6E-C701-446E-BAE3-B6FDF1812901}
		{1F2F89EE-2032-4350-BFC9-6B74D477DE95} = {F2F213A8-6D57-492F-BA11-C9F26057B1DA}
		{A73658B1-0C37-4EAD-AAF8-8FECD2EEFC9A} = {BD68BFA8-3EC7-4689-987E-6422A37CF3B0}
		{F97FB46C-223C-4818-8A5A-330E897F4FC0} = {3B0D8F6E-C701-446E-BAE3-B6FDF1812901}
		{662B3B4B-5B46-4507-9A39-3320E82AD459} = {BD68BFA8-3EC7-4689-987E-6422A37CF3B0}
		{D2BD6A79-F43C-4D2C-A6AF-BEA5E91A380F} = {3B0D8F6E-C701-446E-BAE3-B6FDF1812901}
	EndGlobalSection
EndGlobal
