{
  "version": 1,
  "dependencies": {
    ".NETFramework,Version=v4.8": {
      "PolySharp": {
        "type": "Direct",
        "requested": "[1.14.1, )",
        "resolved": "1.14.1",
        "contentHash": "mOOmFYwad3MIOL14VCjj02LljyF1GNw1wP0YVlxtcPvqdxjGGMNdNJJxHptlry3MOd8b40Flm8RPOM8JOlN2sQ=="
      },
      "Speckle.Revit.API": {
        "type": "Direct",
        "requested": "[2023.0.0, )",
        "resolved": "2023.0.0",
        "contentHash": "tq40eD7psgTbV+epNouYyqfo6+hEi7FmXZqcxEOsAV7zfYyWhL6Rt3vmojkWGNuerGbH6oRI6KIIxrnlCNb8Hw=="
      }
    },
    ".NETFramework,Version=v4.8/win7-x86": {}
  }
}