{
  "version": 2,
  "dependencies": {
    ".NETFramework,Version=v4.8": {
      "Mapster": {
        "type": "Direct",
        "requested": "[7.3.0, )",
        "resolved": "7.3.0",
        "contentHash": "NrCUX/rJa5PTyo6iW4AL5dZLU9PDNlYnrJOVjgdpo5OQM9EtWH2CMHnC5sSuJWC0d0b0SnmeRrIviEem6WxtuQ==",
        "dependencies": {
          "Mapster.Core": "1.2.0",
          "Microsoft.CSharp": "4.3.0",
          "System.Reflection.Emit": "4.3.0"
        }
      },
      "Speckle.ProxyGenerator": {
        "type": "Direct",
        "requested": "[0.1.6, )",
        "resolved": "0.1.6",
        "contentHash": "SO9Udllol9Krpq+UFBr54Es79kmiIQmtSRXKFcvplnisdwmjo5CBlucuuvgZYmQUSvF/9KC4BcuVllZRTCBDHQ=="
      },
      "Speckle.Revit.API": {
        "type": "Direct",
        "requested": "[2024.0.0, )",
        "resolved": "2024.0.0",
        "contentHash": "a4dsvZ00ocvzTgCD6dUdydf0jIZDVcDhs6dUX9cv+y3aTDbU8rmzhYXWt8sThedIG+IPSVa0vHmAH9pKiJL3SQ=="
      },
      "Mapster.Core": {
        "type": "Transitive",
        "resolved": "1.2.0",
        "contentHash": "TNdqZk2zAuBYfJF88D/3clQTOyOdqr1crU81yZQtlGa+e7FYWhJdK/buBWT+TpM3qQko9UzmzfOT4iq3JCs/ZA=="
      },
      "Microsoft.CSharp": {
        "type": "Transitive",
        "resolved": "4.3.0",
        "contentHash": "P+MBhIM0YX+JqROuf7i306ZLJEjQYA9uUyRDE+OqwUI5sh41e2ZbPQV3LfAPh+29cmceE1pUffXsGfR4eMY3KA=="
      },
      "System.Reflection.Emit": {
        "type": "Transitive",
        "resolved": "4.3.0",
        "contentHash": "228FG0jLcIwTVJyz8CLFKueVqQK36ANazUManGaJHkO0icjiIypKW7YLWLIWahyIkdh5M7mV2dJepllLyA1SKg=="
      },
      "speckle.revit2024.interfaces": {
        "type": "Project"
      }
    }
  }
}